
Microsoft Visual Studio Solution File, Format Version 12.00
# Visual Studio Version 17
VisualStudioVersion = 17.5.2.0
MinimumVisualStudioVersion = 10.0.40219.1
Project("{FAE04EC0-301F-11D3-BF4B-00C04F79EFBC}") = "MCP.SSE.Server", "SSE\MCP.SSE.Server\MCP.SSE.Server.csproj", "{1477E147-7AF4-4F0D-838B-4F1E2FAE4677}"
EndProject
Project("{FAE04EC0-301F-11D3-BF4B-00C04F79EFBC}") = "MCP.SSE.AppHost", "SSE\MCP.SSE.AppHost\MCP.SSE.AppHost.csproj", "{0B635C9C-A0CA-4D0D-84F0-B239AB95CCDD}"
EndProject
Project("{FAE04EC0-301F-11D3-BF4B-00C04F79EFBC}") = "MCP.SSE.ServiceDefaults", "SSE\MCP.SSE.ServiceDefaults\MCP.SSE.ServiceDefaults.csproj", "{105DE5EB-8B6F-4CDD-8401-132D0D0E61A5}"
EndProject
Project("{FAE04EC0-301F-11D3-BF4B-00C04F79EFBC}") = "MCP.SSE.Client", "SSE\MCP.SSE.Client\MCP.SSE.Client.csproj", "{437B1D4B-5DD8-4F6C-A420-F383826AA310}"
EndProject
Project("{2150E333-8FDC-42A3-9474-1A3956D46DE8}") = "SSE", "SSE", "{2D311568-E487-10FD-74D6-A1276166FC74}"
EndProject
Project("{2150E333-8FDC-42A3-9474-1A3956D46DE8}") = "Stdio", "Stdio", "{E7B4374F-92E3-4BE7-CE56-07C86AD7F278}"
EndProject
Project("{FAE04EC0-301F-11D3-BF4B-00C04F79EFBC}") = "MCP.Stdio.Server", "Stdio\MCP.Stdio.Server\MCP.Stdio.Server.csproj", "{D7EDF238-58C9-49F1-8705-E3B88AA89345}"
EndProject
Global
	GlobalSection(SolutionConfigurationPlatforms) = preSolution
		Debug|Any CPU = Debug|Any CPU
		Debug|x64 = Debug|x64
		Debug|x86 = Debug|x86
		Release|Any CPU = Release|Any CPU
		Release|x64 = Release|x64
		Release|x86 = Release|x86
	EndGlobalSection
	GlobalSection(ProjectConfigurationPlatforms) = postSolution
		{1477E147-7AF4-4F0D-838B-4F1E2FAE4677}.Debug|Any CPU.ActiveCfg = Debug|Any CPU
		{1477E147-7AF4-4F0D-838B-4F1E2FAE4677}.Debug|Any CPU.Build.0 = Debug|Any CPU
		{1477E147-7AF4-4F0D-838B-4F1E2FAE4677}.Debug|x64.ActiveCfg = Debug|Any CPU
		{1477E147-7AF4-4F0D-838B-4F1E2FAE4677}.Debug|x64.Build.0 = Debug|Any CPU
		{1477E147-7AF4-4F0D-838B-4F1E2FAE4677}.Debug|x86.ActiveCfg = Debug|Any CPU
		{1477E147-7AF4-4F0D-838B-4F1E2FAE4677}.Debug|x86.Build.0 = Debug|Any CPU
		{1477E147-7AF4-4F0D-838B-4F1E2FAE4677}.Release|Any CPU.ActiveCfg = Release|Any CPU
		{1477E147-7AF4-4F0D-838B-4F1E2FAE4677}.Release|Any CPU.Build.0 = Release|Any CPU
		{1477E147-7AF4-4F0D-838B-4F1E2FAE4677}.Release|x64.ActiveCfg = Release|Any CPU
		{1477E147-7AF4-4F0D-838B-4F1E2FAE4677}.Release|x64.Build.0 = Release|Any CPU
		{1477E147-7AF4-4F0D-838B-4F1E2FAE4677}.Release|x86.ActiveCfg = Release|Any CPU
		{1477E147-7AF4-4F0D-838B-4F1E2FAE4677}.Release|x86.Build.0 = Release|Any CPU
		{0B635C9C-A0CA-4D0D-84F0-B239AB95CCDD}.Debug|Any CPU.ActiveCfg = Debug|Any CPU
		{0B635C9C-A0CA-4D0D-84F0-B239AB95CCDD}.Debug|Any CPU.Build.0 = Debug|Any CPU
		{0B635C9C-A0CA-4D0D-84F0-B239AB95CCDD}.Debug|x64.ActiveCfg = Debug|Any CPU
		{0B635C9C-A0CA-4D0D-84F0-B239AB95CCDD}.Debug|x64.Build.0 = Debug|Any CPU
		{0B635C9C-A0CA-4D0D-84F0-B239AB95CCDD}.Debug|x86.ActiveCfg = Debug|Any CPU
		{0B635C9C-A0CA-4D0D-84F0-B239AB95CCDD}.Debug|x86.Build.0 = Debug|Any CPU
		{0B635C9C-A0CA-4D0D-84F0-B239AB95CCDD}.Release|Any CPU.ActiveCfg = Release|Any CPU
		{0B635C9C-A0CA-4D0D-84F0-B239AB95CCDD}.Release|Any CPU.Build.0 = Release|Any CPU
		{0B635C9C-A0CA-4D0D-84F0-B239AB95CCDD}.Release|x64.ActiveCfg = Release|Any CPU
		{0B635C9C-A0CA-4D0D-84F0-B239AB95CCDD}.Release|x64.Build.0 = Release|Any CPU
		{0B635C9C-A0CA-4D0D-84F0-B239AB95CCDD}.Release|x86.ActiveCfg = Release|Any CPU
		{0B635C9C-A0CA-4D0D-84F0-B239AB95CCDD}.Release|x86.Build.0 = Release|Any CPU
		{105DE5EB-8B6F-4CDD-8401-132D0D0E61A5}.Debug|Any CPU.ActiveCfg = Debug|Any CPU
		{105DE5EB-8B6F-4CDD-8401-132D0D0E61A5}.Debug|Any CPU.Build.0 = Debug|Any CPU
		{105DE5EB-8B6F-4CDD-8401-132D0D0E61A5}.Debug|x64.ActiveCfg = Debug|Any CPU
		{105DE5EB-8B6F-4CDD-8401-132D0D0E61A5}.Debug|x64.Build.0 = Debug|Any CPU
		{105DE5EB-8B6F-4CDD-8401-132D0D0E61A5}.Debug|x86.ActiveCfg = Debug|Any CPU
		{105DE5EB-8B6F-4CDD-8401-132D0D0E61A5}.Debug|x86.Build.0 = Debug|Any CPU
		{105DE5EB-8B6F-4CDD-8401-132D0D0E61A5}.Release|Any CPU.ActiveCfg = Release|Any CPU
		{105DE5EB-8B6F-4CDD-8401-132D0D0E61A5}.Release|Any CPU.Build.0 = Release|Any CPU
		{105DE5EB-8B6F-4CDD-8401-132D0D0E61A5}.Release|x64.ActiveCfg = Release|Any CPU
		{105DE5EB-8B6F-4CDD-8401-132D0D0E61A5}.Release|x64.Build.0 = Release|Any CPU
		{105DE5EB-8B6F-4CDD-8401-132D0D0E61A5}.Release|x86.ActiveCfg = Release|Any CPU
		{105DE5EB-8B6F-4CDD-8401-132D0D0E61A5}.Release|x86.Build.0 = Release|Any CPU
		{437B1D4B-5DD8-4F6C-A420-F383826AA310}.Debug|Any CPU.ActiveCfg = Debug|Any CPU
		{437B1D4B-5DD8-4F6C-A420-F383826AA310}.Debug|Any CPU.Build.0 = Debug|Any CPU
		{437B1D4B-5DD8-4F6C-A420-F383826AA310}.Debug|x64.ActiveCfg = Debug|Any CPU
		{437B1D4B-5DD8-4F6C-A420-F383826AA310}.Debug|x64.Build.0 = Debug|Any CPU
		{437B1D4B-5DD8-4F6C-A420-F383826AA310}.Debug|x86.ActiveCfg = Debug|Any CPU
		{437B1D4B-5DD8-4F6C-A420-F383826AA310}.Debug|x86.Build.0 = Debug|Any CPU
		{437B1D4B-5DD8-4F6C-A420-F383826AA310}.Release|Any CPU.ActiveCfg = Release|Any CPU
		{437B1D4B-5DD8-4F6C-A420-F383826AA310}.Release|Any CPU.Build.0 = Release|Any CPU
		{437B1D4B-5DD8-4F6C-A420-F383826AA310}.Release|x64.ActiveCfg = Release|Any CPU
		{437B1D4B-5DD8-4F6C-A420-F383826AA310}.Release|x64.Build.0 = Release|Any CPU
		{437B1D4B-5DD8-4F6C-A420-F383826AA310}.Release|x86.ActiveCfg = Release|Any CPU
		{437B1D4B-5DD8-4F6C-A420-F383826AA310}.Release|x86.Build.0 = Release|Any CPU
		{D7EDF238-58C9-49F1-8705-E3B88AA89345}.Debug|Any CPU.ActiveCfg = Debug|Any CPU
		{D7EDF238-58C9-49F1-8705-E3B88AA89345}.Debug|Any CPU.Build.0 = Debug|Any CPU
		{D7EDF238-58C9-49F1-8705-E3B88AA89345}.Debug|x64.ActiveCfg = Debug|Any CPU
		{D7EDF238-58C9-49F1-8705-E3B88AA89345}.Debug|x64.Build.0 = Debug|Any CPU
		{D7EDF238-58C9-49F1-8705-E3B88AA89345}.Debug|x86.ActiveCfg = Debug|Any CPU
		{D7EDF238-58C9-49F1-8705-E3B88AA89345}.Debug|x86.Build.0 = Debug|Any CPU
		{D7EDF238-58C9-49F1-8705-E3B88AA89345}.Release|Any CPU.ActiveCfg = Release|Any CPU
		{D7EDF238-58C9-49F1-8705-E3B88AA89345}.Release|Any CPU.Build.0 = Release|Any CPU
		{D7EDF238-58C9-49F1-8705-E3B88AA89345}.Release|x64.ActiveCfg = Release|Any CPU
		{D7EDF238-58C9-49F1-8705-E3B88AA89345}.Release|x64.Build.0 = Release|Any CPU
		{D7EDF238-58C9-49F1-8705-E3B88AA89345}.Release|x86.ActiveCfg = Release|Any CPU
		{D7EDF238-58C9-49F1-8705-E3B88AA89345}.Release|x86.Build.0 = Release|Any CPU
	EndGlobalSection
	GlobalSection(SolutionProperties) = preSolution
		HideSolutionNode = FALSE
	EndGlobalSection
	GlobalSection(NestedProjects) = preSolution
		{1477E147-7AF4-4F0D-838B-4F1E2FAE4677} = {2D311568-E487-10FD-74D6-A1276166FC74}
		{0B635C9C-A0CA-4D0D-84F0-B239AB95CCDD} = {2D311568-E487-10FD-74D6-A1276166FC74}
		{105DE5EB-8B6F-4CDD-8401-132D0D0E61A5} = {2D311568-E487-10FD-74D6-A1276166FC74}
		{437B1D4B-5DD8-4F6C-A420-F383826AA310} = {2D311568-E487-10FD-74D6-A1276166FC74}
		{D7EDF238-58C9-49F1-8705-E3B88AA89345} = {E7B4374F-92E3-4BE7-CE56-07C86AD7F278}
	EndGlobalSection
	GlobalSection(ExtensibilityGlobals) = postSolution
		SolutionGuid = {2A47AEDD-EAA9-4901-8EBE-98E80336EDD5}
	EndGlobalSection
EndGlobal
