
Microsoft Visual Studio Solution File, Format Version 12.00
# Visual Studio Version 17
VisualStudioVersion = 17.5.2.0
MinimumVisualStudioVersion = 10.0.40219.1
Project("{FAE04EC0-301F-11D3-BF4B-00C04F79EFBC}") = "MCPServer-Stdio", "MCPServer-Stdio\MCPServer-Stdio.csproj", "{F61DB6D0-BE54-8852-5342-9F2343746807}"
EndProject
Project("{FAE04EC0-301F-11D3-BF4B-00C04F79EFBC}") = "MCPServer-Web", "MCPServer-Web\MCPServer-Web.csproj", "{1477E147-7AF4-4F0D-838B-4F1E2FAE4677}"
EndProject
Project("{FAE04EC0-301F-11D3-BF4B-00C04F79EFBC}") = "SemanticKernelClient", "SemanticKernelClient\SemanticKernelClient.csproj", "{D136A03E-A9A5-4AED-98D2-5A477FF9680C}"
EndProject
Global
	GlobalSection(SolutionConfigurationPlatforms) = preSolution
		Debug|Any CPU = Debug|Any CPU
		Debug|x64 = Debug|x64
		Debug|x86 = Debug|x86
		Release|Any CPU = Release|Any CPU
		Release|x64 = Release|x64
		Release|x86 = Release|x86
	EndGlobalSection
	GlobalSection(ProjectConfigurationPlatforms) = postSolution
		{F61DB6D0-BE54-8852-5342-9F2343746807}.Debug|Any CPU.ActiveCfg = Debug|Any CPU
		{F61DB6D0-BE54-8852-5342-9F2343746807}.Debug|Any CPU.Build.0 = Debug|Any CPU
		{F61DB6D0-BE54-8852-5342-9F2343746807}.Debug|x64.ActiveCfg = Debug|Any CPU
		{F61DB6D0-BE54-8852-5342-9F2343746807}.Debug|x64.Build.0 = Debug|Any CPU
		{F61DB6D0-BE54-8852-5342-9F2343746807}.Debug|x86.ActiveCfg = Debug|Any CPU
		{F61DB6D0-BE54-8852-5342-9F2343746807}.Debug|x86.Build.0 = Debug|Any CPU
		{F61DB6D0-BE54-8852-5342-9F2343746807}.Release|Any CPU.ActiveCfg = Release|Any CPU
		{F61DB6D0-BE54-8852-5342-9F2343746807}.Release|Any CPU.Build.0 = Release|Any CPU
		{F61DB6D0-BE54-8852-5342-9F2343746807}.Release|x64.ActiveCfg = Release|Any CPU
		{F61DB6D0-BE54-8852-5342-9F2343746807}.Release|x64.Build.0 = Release|Any CPU
		{F61DB6D0-BE54-8852-5342-9F2343746807}.Release|x86.ActiveCfg = Release|Any CPU
		{F61DB6D0-BE54-8852-5342-9F2343746807}.Release|x86.Build.0 = Release|Any CPU
		{1477E147-7AF4-4F0D-838B-4F1E2FAE4677}.Debug|Any CPU.ActiveCfg = Debug|Any CPU
		{1477E147-7AF4-4F0D-838B-4F1E2FAE4677}.Debug|Any CPU.Build.0 = Debug|Any CPU
		{1477E147-7AF4-4F0D-838B-4F1E2FAE4677}.Debug|x64.ActiveCfg = Debug|Any CPU
		{1477E147-7AF4-4F0D-838B-4F1E2FAE4677}.Debug|x64.Build.0 = Debug|Any CPU
		{1477E147-7AF4-4F0D-838B-4F1E2FAE4677}.Debug|x86.ActiveCfg = Debug|Any CPU
		{1477E147-7AF4-4F0D-838B-4F1E2FAE4677}.Debug|x86.Build.0 = Debug|Any CPU
		{1477E147-7AF4-4F0D-838B-4F1E2FAE4677}.Release|Any CPU.ActiveCfg = Release|Any CPU
		{1477E147-7AF4-4F0D-838B-4F1E2FAE4677}.Release|Any CPU.Build.0 = Release|Any CPU
		{1477E147-7AF4-4F0D-838B-4F1E2FAE4677}.Release|x64.ActiveCfg = Release|Any CPU
		{1477E147-7AF4-4F0D-838B-4F1E2FAE4677}.Release|x64.Build.0 = Release|Any CPU
		{1477E147-7AF4-4F0D-838B-4F1E2FAE4677}.Release|x86.ActiveCfg = Release|Any CPU
		{1477E147-7AF4-4F0D-838B-4F1E2FAE4677}.Release|x86.Build.0 = Release|Any CPU
		{D136A03E-A9A5-4AED-98D2-5A477FF9680C}.Debug|Any CPU.ActiveCfg = Debug|Any CPU
		{D136A03E-A9A5-4AED-98D2-5A477FF9680C}.Debug|Any CPU.Build.0 = Debug|Any CPU
		{D136A03E-A9A5-4AED-98D2-5A477FF9680C}.Debug|x64.ActiveCfg = Debug|Any CPU
		{D136A03E-A9A5-4AED-98D2-5A477FF9680C}.Debug|x64.Build.0 = Debug|Any CPU
		{D136A03E-A9A5-4AED-98D2-5A477FF9680C}.Debug|x86.ActiveCfg = Debug|Any CPU
		{D136A03E-A9A5-4AED-98D2-5A477FF9680C}.Debug|x86.Build.0 = Debug|Any CPU
		{D136A03E-A9A5-4AED-98D2-5A477FF9680C}.Release|Any CPU.ActiveCfg = Release|Any CPU
		{D136A03E-A9A5-4AED-98D2-5A477FF9680C}.Release|Any CPU.Build.0 = Release|Any CPU
		{D136A03E-A9A5-4AED-98D2-5A477FF9680C}.Release|x64.ActiveCfg = Release|Any CPU
		{D136A03E-A9A5-4AED-98D2-5A477FF9680C}.Release|x64.Build.0 = Release|Any CPU
		{D136A03E-A9A5-4AED-98D2-5A477FF9680C}.Release|x86.ActiveCfg = Release|Any CPU
		{D136A03E-A9A5-4AED-98D2-5A477FF9680C}.Release|x86.Build.0 = Release|Any CPU
	EndGlobalSection
	GlobalSection(SolutionProperties) = preSolution
		HideSolutionNode = FALSE
	EndGlobalSection
	GlobalSection(ExtensibilityGlobals) = postSolution
		SolutionGuid = {2A47AEDD-EAA9-4901-8EBE-98E80336EDD5}
	EndGlobalSection
EndGlobal
